// !$*UTF8*$!
{
	archiveVersion = 1;
	classes = {
	};
	objectVersion = 50;
	objects = {

/* Begin PBXBuildFile section */
		0BBF9A10267F6F6500F3D797 /* AppDelegate.swift in Sources */ = {isa = PBXBuildFile; fileRef = 0BBF9A0F267F6F6500F3D797 /* AppDelegate.swift */; };
		0BBF9A12267F6F6500F3D797 /* SceneDelegate.swift in Sources */ = {isa = PBXBuildFile; fileRef = 0BBF9A11267F6F6500F3D797 /* SceneDelegate.swift */; };
		0BBF9A14267F6F6500F3D797 /* ViewController.swift in Sources */ = {isa = PBXBuildFile; fileRef = 0BBF9A13267F6F6500F3D797 /* ViewController.swift */; };
		0BBF9A17267F6F6500F3D797 /* Main.storyboard in Resources */ = {isa = PBXBuildFile; fileRef = 0BBF9A15267F6F6500F3D797 /* Main.storyboard */; };
		0BBF9A19267F6F6700F3D797 /* Assets.xcassets in Resources */ = {isa = PBXBuildFile; fileRef = 0BBF9A18267F6F6700F3D797 /* Assets.xcassets */; };
		0BBF9A1C267F6F6700F3D797 /* LaunchScreen.storyboard in Resources */ = {isa = PBXBuildFile; fileRef = 0BBF9A1A267F6F6700F3D797 /* LaunchScreen.storyboard */; };
		0BBF9A32267F6F6800F3D797 /* NewsAppUITests.swift in Sources */ = {isa = PBXBuildFile; fileRef = 0BBF9A31267F6F6800F3D797 /* NewsAppUITests.swift */; };
		0BBF9A4A267F740400F3D797 /* APIClient.swift in Sources */ = {isa = PBXBuildFile; fileRef = 0BBF9A49267F740400F3D797 /* APIClient.swift */; };
		0BBF9A4F267F741D00F3D797 /* EndPoint.swift in Sources */ = {isa = PBXBuildFile; fileRef = 0BBF9A4E267F741D00F3D797 /* EndPoint.swift */; };
		0BBF9A54267F744D00F3D797 /* APIConfiguration.swift in Sources */ = {isa = PBXBuildFile; fileRef = 0BBF9A53267F744D00F3D797 /* APIConfiguration.swift */; };
		0BBF9A67267FA93500F3D797 /* Publisher+Extension.swift in Sources */ = {isa = PBXBuildFile; fileRef = 0BBF9A66267FA93500F3D797 /* Publisher+Extension.swift */; };
		0BBF9A6F267FB3C600F3D797 /* APIClientTest.swift in Sources */ = {isa = PBXBuildFile; fileRef = 0BBF9A6E267FB3C600F3D797 /* APIClientTest.swift */; };
		0BBF9A7A267FB43600F3D797 /* URLProtocolMock.swift in Sources */ = {isa = PBXBuildFile; fileRef = 0BBF9A79267FB43600F3D797 /* URLProtocolMock.swift */; };
		0BBF9A7F267FB7CF00F3D797 /* Headline.json in Resources */ = {isa = PBXBuildFile; fileRef = 0BBF9A7E267FB7CF00F3D797 /* Headline.json */; };
		0BBF9A9D267FC47500F3D797 /* Feed.swift in Sources */ = {isa = PBXBuildFile; fileRef = 0BBF9A9C267FC47500F3D797 /* Feed.swift */; };
		0BBF9AA2267FC56300F3D797 /* Response.swift in Sources */ = {isa = PBXBuildFile; fileRef = 0BBF9AA1267FC56300F3D797 /* Response.swift */; };
		0BBF9AAD26803FE000F3D797 /* Repository.swift in Sources */ = {isa = PBXBuildFile; fileRef = 0BBF9AAC26803FE000F3D797 /* Repository.swift */; };
		0BBF9AB22680422100F3D797 /* FeedUseCase.swift in Sources */ = {isa = PBXBuildFile; fileRef = 0BBF9AB12680422100F3D797 /* FeedUseCase.swift */; };
		0BBF9AB726804DEA00F3D797 /* APIClientMock.swift in Sources */ = {isa = PBXBuildFile; fileRef = 0BBF9AB626804DEA00F3D797 /* APIClientMock.swift */; };
		0BBF9AC426804F2D00F3D797 /* RepositoryTest.swift in Sources */ = {isa = PBXBuildFile; fileRef = 0BBF9AC326804F2D00F3D797 /* RepositoryTest.swift */; };
		0BBF9AC92680534B00F3D797 /* RepositoryType.swift in Sources */ = {isa = PBXBuildFile; fileRef = 0BBF9AC82680534B00F3D797 /* RepositoryType.swift */; };
		0BBF9ACE2680536100F3D797 /* FeedUseCaseType.swift in Sources */ = {isa = PBXBuildFile; fileRef = 0BBF9ACD2680536100F3D797 /* FeedUseCaseType.swift */; };
		0BBF9AD32680548400F3D797 /* FeedUseCaseTest.swift in Sources */ = {isa = PBXBuildFile; fileRef = 0BBF9AD22680548400F3D797 /* FeedUseCaseTest.swift */; };
		0BBF9AD8268055DF00F3D797 /* RepositoryMock.swift in Sources */ = {isa = PBXBuildFile; fileRef = 0BBF9AD7268055DF00F3D797 /* RepositoryMock.swift */; };
		1CEF4B7EAFEC4C2887314FC2 /* Pods_NewsAppTests.framework in Frameworks */ = {isa = PBXBuildFile; fileRef = E7D6F695B1FA00691B67F8D3 /* Pods_NewsAppTests.framework */; };
		856621DD711EF86EEB38C005 /* Pods_NewsApp.framework in Frameworks */ = {isa = PBXBuildFile; fileRef = BF275CE4CE92EB99406202AE /* Pods_NewsApp.framework */; };
		F6A016120D3A3E7BC7280A52 /* Pods_NewsApp_NewsAppUITests.framework in Frameworks */ = {isa = PBXBuildFile; fileRef = 452DC01CB4DB9F68AAB1A588 /* Pods_NewsApp_NewsAppUITests.framework */; };
/* End PBXBuildFile section */

/* Begin PBXContainerItemProxy section */
		0BBF9A23267F6F6800F3D797 /* PBXContainerItemProxy */ = {
			isa = PBXContainerItemProxy;
			containerPortal = 0BBF9A04267F6F6500F3D797 /* Project object */;
			proxyType = 1;
			remoteGlobalIDString = 0BBF9A0B267F6F6500F3D797;
			remoteInfo = NewsApp;
		};
		0BBF9A2E267F6F6800F3D797 /* PBXContainerItemProxy */ = {
			isa = PBXContainerItemProxy;
			containerPortal = 0BBF9A04267F6F6500F3D797 /* Project object */;
			proxyType = 1;
			remoteGlobalIDString = 0BBF9A0B267F6F6500F3D797;
			remoteInfo = NewsApp;
		};
/* End PBXContainerItemProxy section */

/* Begin PBXFileReference section */
		0BBF9A0C267F6F6500F3D797 /* NewsApp.app */ = {isa = PBXFileReference; explicitFileType = wrapper.application; includeInIndex = 0; path = NewsApp.app; sourceTree = BUILT_PRODUCTS_DIR; };
		0BBF9A0F267F6F6500F3D797 /* AppDelegate.swift */ = {isa = PBXFileReference; lastKnownFileType = sourcecode.swift; path = AppDelegate.swift; sourceTree = "<group>"; };
		0BBF9A11267F6F6500F3D797 /* SceneDelegate.swift */ = {isa = PBXFileReference; lastKnownFileType = sourcecode.swift; path = SceneDelegate.swift; sourceTree = "<group>"; };
		0BBF9A13267F6F6500F3D797 /* ViewController.swift */ = {isa = PBXFileReference; lastKnownFileType = sourcecode.swift; path = ViewController.swift; sourceTree = "<group>"; };
		0BBF9A16267F6F6500F3D797 /* Base */ = {isa = PBXFileReference; lastKnownFileType = file.storyboard; name = Base; path = Base.lproj/Main.storyboard; sourceTree = "<group>"; };
		0BBF9A18267F6F6700F3D797 /* Assets.xcassets */ = {isa = PBXFileReference; lastKnownFileType = folder.assetcatalog; path = Assets.xcassets; sourceTree = "<group>"; };
		0BBF9A1B267F6F6700F3D797 /* Base */ = {isa = PBXFileReference; lastKnownFileType = file.storyboard; name = Base; path = Base.lproj/LaunchScreen.storyboard; sourceTree = "<group>"; };
		0BBF9A1D267F6F6800F3D797 /* Info.plist */ = {isa = PBXFileReference; lastKnownFileType = text.plist.xml; path = Info.plist; sourceTree = "<group>"; };
		0BBF9A22267F6F6800F3D797 /* NewsAppTests.xctest */ = {isa = PBXFileReference; explicitFileType = wrapper.cfbundle; includeInIndex = 0; path = NewsAppTests.xctest; sourceTree = BUILT_PRODUCTS_DIR; };
		0BBF9A28267F6F6800F3D797 /* Info.plist */ = {isa = PBXFileReference; lastKnownFileType = text.plist.xml; path = Info.plist; sourceTree = "<group>"; };
		0BBF9A2D267F6F6800F3D797 /* NewsAppUITests.xctest */ = {isa = PBXFileReference; explicitFileType = wrapper.cfbundle; includeInIndex = 0; path = NewsAppUITests.xctest; sourceTree = BUILT_PRODUCTS_DIR; };
		0BBF9A31267F6F6800F3D797 /* NewsAppUITests.swift */ = {isa = PBXFileReference; lastKnownFileType = sourcecode.swift; path = NewsAppUITests.swift; sourceTree = "<group>"; };
		0BBF9A33267F6F6800F3D797 /* Info.plist */ = {isa = PBXFileReference; lastKnownFileType = text.plist.xml; path = Info.plist; sourceTree = "<group>"; };
		0BBF9A49267F740400F3D797 /* APIClient.swift */ = {isa = PBXFileReference; lastKnownFileType = sourcecode.swift; path = APIClient.swift; sourceTree = "<group>"; };
		0BBF9A4E267F741D00F3D797 /* EndPoint.swift */ = {isa = PBXFileReference; lastKnownFileType = sourcecode.swift; path = EndPoint.swift; sourceTree = "<group>"; };
		0BBF9A53267F744D00F3D797 /* APIConfiguration.swift */ = {isa = PBXFileReference; lastKnownFileType = sourcecode.swift; path = APIConfiguration.swift; sourceTree = "<group>"; };
		0BBF9A66267FA93500F3D797 /* Publisher+Extension.swift */ = {isa = PBXFileReference; lastKnownFileType = sourcecode.swift; path = "Publisher+Extension.swift"; sourceTree = "<group>"; };
		0BBF9A6E267FB3C600F3D797 /* APIClientTest.swift */ = {isa = PBXFileReference; lastKnownFileType = sourcecode.swift; path = APIClientTest.swift; sourceTree = "<group>"; };
		0BBF9A79267FB43600F3D797 /* URLProtocolMock.swift */ = {isa = PBXFileReference; lastKnownFileType = sourcecode.swift; path = URLProtocolMock.swift; sourceTree = "<group>"; };
		0BBF9A7E267FB7CF00F3D797 /* Headline.json */ = {isa = PBXFileReference; lastKnownFileType = text.json; path = Headline.json; sourceTree = "<group>"; xcLanguageSpecificationIdentifier = xcode.lang.json; };
		0BBF9A9C267FC47500F3D797 /* Feed.swift */ = {isa = PBXFileReference; lastKnownFileType = sourcecode.swift; path = Feed.swift; sourceTree = "<group>"; };
		0BBF9AA1267FC56300F3D797 /* Response.swift */ = {isa = PBXFileReference; lastKnownFileType = sourcecode.swift; path = Response.swift; sourceTree = "<group>"; };
		0BBF9AAC26803FE000F3D797 /* Repository.swift */ = {isa = PBXFileReference; lastKnownFileType = sourcecode.swift; path = Repository.swift; sourceTree = "<group>"; };
		0BBF9AB12680422100F3D797 /* FeedUseCase.swift */ = {isa = PBXFileReference; lastKnownFileType = sourcecode.swift; path = FeedUseCase.swift; sourceTree = "<group>"; };
		0BBF9AB626804DEA00F3D797 /* APIClientMock.swift */ = {isa = PBXFileReference; lastKnownFileType = sourcecode.swift; path = APIClientMock.swift; sourceTree = "<group>"; };
		0BBF9AC326804F2D00F3D797 /* RepositoryTest.swift */ = {isa = PBXFileReference; lastKnownFileType = sourcecode.swift; path = RepositoryTest.swift; sourceTree = "<group>"; };
		0BBF9AC82680534B00F3D797 /* RepositoryType.swift */ = {isa = PBXFileReference; lastKnownFileType = sourcecode.swift; path = RepositoryType.swift; sourceTree = "<group>"; };
		0BBF9ACD2680536100F3D797 /* FeedUseCaseType.swift */ = {isa = PBXFileReference; lastKnownFileType = sourcecode.swift; path = FeedUseCaseType.swift; sourceTree = "<group>"; };
		0BBF9AD22680548400F3D797 /* FeedUseCaseTest.swift */ = {isa = PBXFileReference; lastKnownFileType = sourcecode.swift; path = FeedUseCaseTest.swift; sourceTree = "<group>"; };
		0BBF9AD7268055DF00F3D797 /* RepositoryMock.swift */ = {isa = PBXFileReference; lastKnownFileType = sourcecode.swift; path = RepositoryMock.swift; sourceTree = "<group>"; };
		22BDEB682E3408265983FEC8 /* Pods-NewsApp.release.xcconfig */ = {isa = PBXFileReference; includeInIndex = 1; lastKnownFileType = text.xcconfig; name = "Pods-NewsApp.release.xcconfig"; path = "Target Support Files/Pods-NewsApp/Pods-NewsApp.release.xcconfig"; sourceTree = "<group>"; };
		2F4BF41DE3AFF2C35FB74D75 /* Pods-NewsAppTests.release.xcconfig */ = {isa = PBXFileReference; includeInIndex = 1; lastKnownFileType = text.xcconfig; name = "Pods-NewsAppTests.release.xcconfig"; path = "Target Support Files/Pods-NewsAppTests/Pods-NewsAppTests.release.xcconfig"; sourceTree = "<group>"; };
		32C8E21E23B7E94810874B36 /* Pods-NewsApp-NewsAppUITests.release.xcconfig */ = {isa = PBXFileReference; includeInIndex = 1; lastKnownFileType = text.xcconfig; name = "Pods-NewsApp-NewsAppUITests.release.xcconfig"; path = "Target Support Files/Pods-NewsApp-NewsAppUITests/Pods-NewsApp-NewsAppUITests.release.xcconfig"; sourceTree = "<group>"; };
		452DC01CB4DB9F68AAB1A588 /* Pods_NewsApp_NewsAppUITests.framework */ = {isa = PBXFileReference; explicitFileType = wrapper.framework; includeInIndex = 0; path = Pods_NewsApp_NewsAppUITests.framework; sourceTree = BUILT_PRODUCTS_DIR; };
		88576F8D2907C29A13937D5A /* Pods-NewsApp.debug.xcconfig */ = {isa = PBXFileReference; includeInIndex = 1; lastKnownFileType = text.xcconfig; name = "Pods-NewsApp.debug.xcconfig"; path = "Target Support Files/Pods-NewsApp/Pods-NewsApp.debug.xcconfig"; sourceTree = "<group>"; };
		BF275CE4CE92EB99406202AE /* Pods_NewsApp.framework */ = {isa = PBXFileReference; explicitFileType = wrapper.framework; includeInIndex = 0; path = Pods_NewsApp.framework; sourceTree = BUILT_PRODUCTS_DIR; };
		C798B0AE513DDA3786B46312 /* Pods-NewsAppTests.debug.xcconfig */ = {isa = PBXFileReference; includeInIndex = 1; lastKnownFileType = text.xcconfig; name = "Pods-NewsAppTests.debug.xcconfig"; path = "Target Support Files/Pods-NewsAppTests/Pods-NewsAppTests.debug.xcconfig"; sourceTree = "<group>"; };
		E7D6F695B1FA00691B67F8D3 /* Pods_NewsAppTests.framework */ = {isa = PBXFileReference; explicitFileType = wrapper.framework; includeInIndex = 0; path = Pods_NewsAppTests.framework; sourceTree = BUILT_PRODUCTS_DIR; };
		FA31463AE675294672DBDE0C /* Pods-NewsApp-NewsAppUITests.debug.xcconfig */ = {isa = PBXFileReference; includeInIndex = 1; lastKnownFileType = text.xcconfig; name = "Pods-NewsApp-NewsAppUITests.debug.xcconfig"; path = "Target Support Files/Pods-NewsApp-NewsAppUITests/Pods-NewsApp-NewsAppUITests.debug.xcconfig"; sourceTree = "<group>"; };
/* End PBXFileReference section */

/* Begin PBXFrameworksBuildPhase section */
		0BBF9A09267F6F6500F3D797 /* Frameworks */ = {
			isa = PBXFrameworksBuildPhase;
			buildActionMask = 2147483647;
			files = (
				856621DD711EF86EEB38C005 /* Pods_NewsApp.framework in Frameworks */,
			);
			runOnlyForDeploymentPostprocessing = 0;
		};
		0BBF9A1F267F6F6800F3D797 /* Frameworks */ = {
			isa = PBXFrameworksBuildPhase;
			buildActionMask = 2147483647;
			files = (
				1CEF4B7EAFEC4C2887314FC2 /* Pods_NewsAppTests.framework in Frameworks */,
			);
			runOnlyForDeploymentPostprocessing = 0;
		};
		0BBF9A2A267F6F6800F3D797 /* Frameworks */ = {
			isa = PBXFrameworksBuildPhase;
			buildActionMask = 2147483647;
			files = (
				F6A016120D3A3E7BC7280A52 /* Pods_NewsApp_NewsAppUITests.framework in Frameworks */,
			);
			runOnlyForDeploymentPostprocessing = 0;
		};
/* End PBXFrameworksBuildPhase section */

/* Begin PBXGroup section */
		0BBF9A03267F6F6500F3D797 = {
			isa = PBXGroup;
			children = (
				0BBF9A0E267F6F6500F3D797 /* NewsApp */,
				0BBF9A25267F6F6800F3D797 /* NewsAppTests */,
				0BBF9A30267F6F6800F3D797 /* NewsAppUITests */,
				0BBF9A0D267F6F6500F3D797 /* Products */,
				44ECD50191035F9FA8B0180C /* Pods */,
				EF24CFF9A801FEC2D7243B00 /* Frameworks */,
			);
			sourceTree = "<group>";
		};
		0BBF9A0D267F6F6500F3D797 /* Products */ = {
			isa = PBXGroup;
			children = (
				0BBF9A0C267F6F6500F3D797 /* NewsApp.app */,
				0BBF9A22267F6F6800F3D797 /* NewsAppTests.xctest */,
				0BBF9A2D267F6F6800F3D797 /* NewsAppUITests.xctest */,
			);
			name = Products;
			sourceTree = "<group>";
		};
		0BBF9A0E267F6F6500F3D797 /* NewsApp */ = {
			isa = PBXGroup;
			children = (
				0BBF9A42267F70C600F3D797 /* Sources */,
				0BBF9A43267F70CD00F3D797 /* Resources */,
				0BBF9A1D267F6F6800F3D797 /* Info.plist */,
			);
			path = NewsApp;
			sourceTree = "<group>";
		};
		0BBF9A25267F6F6800F3D797 /* NewsAppTests */ = {
			isa = PBXGroup;
			children = (
				0BBF9A6D267FB38D00F3D797 /* Mocks */,
				0BBF9A6C267FB37E00F3D797 /* Responses */,
				0BBF9A6B267FB37100F3D797 /* UnitTests */,
				0BBF9A28267F6F6800F3D797 /* Info.plist */,
			);
			path = NewsAppTests;
			sourceTree = "<group>";
		};
		0BBF9A30267F6F6800F3D797 /* NewsAppUITests */ = {
			isa = PBXGroup;
			children = (
				0BBF9A31267F6F6800F3D797 /* NewsAppUITests.swift */,
				0BBF9A33267F6F6800F3D797 /* Info.plist */,
			);
			path = NewsAppUITests;
			sourceTree = "<group>";
		};
		0BBF9A42267F70C600F3D797 /* Sources */ = {
			isa = PBXGroup;
			children = (
				0BBF9A65267FA90900F3D797 /* Common */,
				0BBF9A47267F714400F3D797 /* Repository */,
				0BBF9A46267F713C00F3D797 /* UseCases */,
				0BBF9A45267F713200F3D797 /* Screens */,
				0BBF9A44267F712300F3D797 /* FlowCoordinators */,
				0BBF9A0F267F6F6500F3D797 /* AppDelegate.swift */,
				0BBF9A11267F6F6500F3D797 /* SceneDelegate.swift */,
				0BBF9A13267F6F6500F3D797 /* ViewController.swift */,
			);
			path = Sources;
			sourceTree = "<group>";
		};
		0BBF9A43267F70CD00F3D797 /* Resources */ = {
			isa = PBXGroup;
			children = (
				0BBF9A15267F6F6500F3D797 /* Main.storyboard */,
				0BBF9A18267F6F6700F3D797 /* Assets.xcassets */,
				0BBF9A1A267F6F6700F3D797 /* LaunchScreen.storyboard */,
			);
			path = Resources;
			sourceTree = "<group>";
		};
		0BBF9A44267F712300F3D797 /* FlowCoordinators */ = {
			isa = PBXGroup;
			children = (
			);
			path = FlowCoordinators;
			sourceTree = "<group>";
		};
		0BBF9A45267F713200F3D797 /* Screens */ = {
			isa = PBXGroup;
			children = (
			);
			path = Screens;
			sourceTree = "<group>";
		};
		0BBF9A46267F713C00F3D797 /* UseCases */ = {
			isa = PBXGroup;
			children = (
				0BBF9A9B267FC44E00F3D797 /* Entities */,
				0BBF9AB12680422100F3D797 /* FeedUseCase.swift */,
				0BBF9AC82680534B00F3D797 /* RepositoryType.swift */,
				0BBF9ACD2680536100F3D797 /* FeedUseCaseType.swift */,
			);
			path = UseCases;
			sourceTree = "<group>";
		};
		0BBF9A47267F714400F3D797 /* Repository */ = {
			isa = PBXGroup;
			children = (
				0BBF9A48267F717100F3D797 /* Netowrking */,
				0BBF9AAC26803FE000F3D797 /* Repository.swift */,
			);
			path = Repository;
			sourceTree = "<group>";
		};
		0BBF9A48267F717100F3D797 /* Netowrking */ = {
			isa = PBXGroup;
			children = (
				0BBF9A49267F740400F3D797 /* APIClient.swift */,
				0BBF9A4E267F741D00F3D797 /* EndPoint.swift */,
				0BBF9A53267F744D00F3D797 /* APIConfiguration.swift */,
			);
			path = Netowrking;
			sourceTree = "<group>";
		};
		0BBF9A65267FA90900F3D797 /* Common */ = {
			isa = PBXGroup;
			children = (
				0BBF9A66267FA93500F3D797 /* Publisher+Extension.swift */,
			);
			path = Common;
			sourceTree = "<group>";
		};
		0BBF9A6B267FB37100F3D797 /* UnitTests */ = {
			isa = PBXGroup;
			children = (
				0BBF9A6E267FB3C600F3D797 /* APIClientTest.swift */,
				0BBF9AC326804F2D00F3D797 /* RepositoryTest.swift */,
				0BBF9AD22680548400F3D797 /* FeedUseCaseTest.swift */,
			);
			path = UnitTests;
			sourceTree = "<group>";
		};
		0BBF9A6C267FB37E00F3D797 /* Responses */ = {
			isa = PBXGroup;
			children = (
				0BBF9A7E267FB7CF00F3D797 /* Headline.json */,
			);
			path = Responses;
			sourceTree = "<group>";
		};
		0BBF9A6D267FB38D00F3D797 /* Mocks */ = {
			isa = PBXGroup;
			children = (
				0BBF9A79267FB43600F3D797 /* URLProtocolMock.swift */,
				0BBF9AB626804DEA00F3D797 /* APIClientMock.swift */,
				0BBF9AD7268055DF00F3D797 /* RepositoryMock.swift */,
			);
			path = Mocks;
			sourceTree = "<group>";
		};
		0BBF9A9B267FC44E00F3D797 /* Entities */ = {
			isa = PBXGroup;
			children = (
				0BBF9A9C267FC47500F3D797 /* Feed.swift */,
				0BBF9AA1267FC56300F3D797 /* Response.swift */,
			);
			path = Entities;
			sourceTree = "<group>";
		};
		44ECD50191035F9FA8B0180C /* Pods */ = {
			isa = PBXGroup;
			children = (
				88576F8D2907C29A13937D5A /* Pods-NewsApp.debug.xcconfig */,
				22BDEB682E3408265983FEC8 /* Pods-NewsApp.release.xcconfig */,
				FA31463AE675294672DBDE0C /* Pods-NewsApp-NewsAppUITests.debug.xcconfig */,
				32C8E21E23B7E94810874B36 /* Pods-NewsApp-NewsAppUITests.release.xcconfig */,
				C798B0AE513DDA3786B46312 /* Pods-NewsAppTests.debug.xcconfig */,
				2F4BF41DE3AFF2C35FB74D75 /* Pods-NewsAppTests.release.xcconfig */,
			);
			path = Pods;
			sourceTree = "<group>";
		};
		EF24CFF9A801FEC2D7243B00 /* Frameworks */ = {
			isa = PBXGroup;
			children = (
				BF275CE4CE92EB99406202AE /* Pods_NewsApp.framework */,
				452DC01CB4DB9F68AAB1A588 /* Pods_NewsApp_NewsAppUITests.framework */,
				E7D6F695B1FA00691B67F8D3 /* Pods_NewsAppTests.framework */,
			);
			name = Frameworks;
			sourceTree = "<group>";
		};
/* End PBXGroup section */

/* Begin PBXNativeTarget section */
		0BBF9A0B267F6F6500F3D797 /* NewsApp */ = {
			isa = PBXNativeTarget;
			buildConfigurationList = 0BBF9A36267F6F6800F3D797 /* Build configuration list for PBXNativeTarget "NewsApp" */;
			buildPhases = (
				2F8986A06339FFAC84359952 /* [CP] Check Pods Manifest.lock */,
				0BBF9A08267F6F6500F3D797 /* Sources */,
				0BBF9A09267F6F6500F3D797 /* Frameworks */,
				0BBF9A0A267F6F6500F3D797 /* Resources */,
			);
			buildRules = (
			);
			dependencies = (
			);
			name = NewsApp;
			productName = NewsApp;
			productReference = 0BBF9A0C267F6F6500F3D797 /* NewsApp.app */;
			productType = "com.apple.product-type.application";
		};
		0BBF9A21267F6F6800F3D797 /* NewsAppTests */ = {
			isa = PBXNativeTarget;
			buildConfigurationList = 0BBF9A39267F6F6800F3D797 /* Build configuration list for PBXNativeTarget "NewsAppTests" */;
			buildPhases = (
				D8387DC3CD9CED36A6DC9260 /* [CP] Check Pods Manifest.lock */,
				0BBF9A1E267F6F6800F3D797 /* Sources */,
				0BBF9A1F267F6F6800F3D797 /* Frameworks */,
				0BBF9A20267F6F6800F3D797 /* Resources */,
			);
			buildRules = (
			);
			dependencies = (
				0BBF9A24267F6F6800F3D797 /* PBXTargetDependency */,
			);
			name = NewsAppTests;
			productName = NewsAppTests;
			productReference = 0BBF9A22267F6F6800F3D797 /* NewsAppTests.xctest */;
			productType = "com.apple.product-type.bundle.unit-test";
		};
		0BBF9A2C267F6F6800F3D797 /* NewsAppUITests */ = {
			isa = PBXNativeTarget;
			buildConfigurationList = 0BBF9A3C267F6F6800F3D797 /* Build configuration list for PBXNativeTarget "NewsAppUITests" */;
			buildPhases = (
				6BE177FE472B071161C42712 /* [CP] Check Pods Manifest.lock */,
				0BBF9A29267F6F6800F3D797 /* Sources */,
				0BBF9A2A267F6F6800F3D797 /* Frameworks */,
				0BBF9A2B267F6F6800F3D797 /* Resources */,
			);
			buildRules = (
			);
			dependencies = (
				0BBF9A2F267F6F6800F3D797 /* PBXTargetDependency */,
			);
			name = NewsAppUITests;
			productName = NewsAppUITests;
			productReference = 0BBF9A2D267F6F6800F3D797 /* NewsAppUITests.xctest */;
			productType = "com.apple.product-type.bundle.ui-testing";
		};
/* End PBXNativeTarget section */

/* Begin PBXProject section */
		0BBF9A04267F6F6500F3D797 /* Project object */ = {
			isa = PBXProject;
			attributes = {
				LastSwiftUpdateCheck = 1230;
				LastUpgradeCheck = 1230;
				TargetAttributes = {
					0BBF9A0B267F6F6500F3D797 = {
						CreatedOnToolsVersion = 12.3;
					};
					0BBF9A21267F6F6800F3D797 = {
						CreatedOnToolsVersion = 12.3;
						TestTargetID = 0BBF9A0B267F6F6500F3D797;
					};
					0BBF9A2C267F6F6800F3D797 = {
						CreatedOnToolsVersion = 12.3;
						TestTargetID = 0BBF9A0B267F6F6500F3D797;
					};
				};
			};
			buildConfigurationList = 0BBF9A07267F6F6500F3D797 /* Build configuration list for PBXProject "NewsApp" */;
			compatibilityVersion = "Xcode 9.3";
			developmentRegion = en;
			hasScannedForEncodings = 0;
			knownRegions = (
				en,
				Base,
			);
			mainGroup = 0BBF9A03267F6F6500F3D797;
			productRefGroup = 0BBF9A0D267F6F6500F3D797 /* Products */;
			projectDirPath = "";
			projectRoot = "";
			targets = (
				0BBF9A0B267F6F6500F3D797 /* NewsApp */,
				0BBF9A21267F6F6800F3D797 /* NewsAppTests */,
				0BBF9A2C267F6F6800F3D797 /* NewsAppUITests */,
			);
		};
/* End PBXProject section */

/* Begin PBXResourcesBuildPhase section */
		0BBF9A0A267F6F6500F3D797 /* Resources */ = {
			isa = PBXResourcesBuildPhase;
			buildActionMask = 2147483647;
			files = (
				0BBF9A1C267F6F6700F3D797 /* LaunchScreen.storyboard in Resources */,
				0BBF9A19267F6F6700F3D797 /* Assets.xcassets in Resources */,
				0BBF9A17267F6F6500F3D797 /* Main.storyboard in Resources */,
			);
			runOnlyForDeploymentPostprocessing = 0;
		};
		0BBF9A20267F6F6800F3D797 /* Resources */ = {
			isa = PBXResourcesBuildPhase;
			buildActionMask = 2147483647;
			files = (
				0BBF9A7F267FB7CF00F3D797 /* Headline.json in Resources */,
			);
			runOnlyForDeploymentPostprocessing = 0;
		};
		0BBF9A2B267F6F6800F3D797 /* Resources */ = {
			isa = PBXResourcesBuildPhase;
			buildActionMask = 2147483647;
			files = (
			);
			runOnlyForDeploymentPostprocessing = 0;
		};
/* End PBXResourcesBuildPhase section */

/* Begin PBXShellScriptBuildPhase section */
		2F8986A06339FFAC84359952 /* [CP] Check Pods Manifest.lock */ = {
			isa = PBXShellScriptBuildPhase;
			buildActionMask = 2147483647;
			files = (
			);
			inputFileListPaths = (
			);
			inputPaths = (
				"${PODS_PODFILE_DIR_PATH}/Podfile.lock",
				"${PODS_ROOT}/Manifest.lock",
			);
			name = "[CP] Check Pods Manifest.lock";
			outputFileListPaths = (
			);
			outputPaths = (
				"$(DERIVED_FILE_DIR)/Pods-NewsApp-checkManifestLockResult.txt",
			);
			runOnlyForDeploymentPostprocessing = 0;
			shellPath = /bin/sh;
			shellScript = "diff \"${PODS_PODFILE_DIR_PATH}/Podfile.lock\" \"${PODS_ROOT}/Manifest.lock\" > /dev/null\nif [ $? != 0 ] ; then\n    # print error to STDERR\n    echo \"error: The sandbox is not in sync with the Podfile.lock. Run 'pod install' or update your CocoaPods installation.\" >&2\n    exit 1\nfi\n# This output is used by Xcode 'outputs' to avoid re-running this script phase.\necho \"SUCCESS\" > \"${SCRIPT_OUTPUT_FILE_0}\"\n";
			showEnvVarsInLog = 0;
		};
		6BE177FE472B071161C42712 /* [CP] Check Pods Manifest.lock */ = {
			isa = PBXShellScriptBuildPhase;
			buildActionMask = 2147483647;
			files = (
			);
			inputFileListPaths = (
			);
			inputPaths = (
				"${PODS_PODFILE_DIR_PATH}/Podfile.lock",
				"${PODS_ROOT}/Manifest.lock",
			);
			name = "[CP] Check Pods Manifest.lock";
			outputFileListPaths = (
			);
			outputPaths = (
				"$(DERIVED_FILE_DIR)/Pods-NewsApp-NewsAppUITests-checkManifestLockResult.txt",
			);
			runOnlyForDeploymentPostprocessing = 0;
			shellPath = /bin/sh;
			shellScript = "diff \"${PODS_PODFILE_DIR_PATH}/Podfile.lock\" \"${PODS_ROOT}/Manifest.lock\" > /dev/null\nif [ $? != 0 ] ; then\n    # print error to STDERR\n    echo \"error: The sandbox is not in sync with the Podfile.lock. Run 'pod install' or update your CocoaPods installation.\" >&2\n    exit 1\nfi\n# This output is used by Xcode 'outputs' to avoid re-running this script phase.\necho \"SUCCESS\" > \"${SCRIPT_OUTPUT_FILE_0}\"\n";
			showEnvVarsInLog = 0;
		};
		D8387DC3CD9CED36A6DC9260 /* [CP] Check Pods Manifest.lock */ = {
			isa = PBXShellScriptBuildPhase;
			buildActionMask = 2147483647;
			files = (
			);
			inputFileListPaths = (
			);
			inputPaths = (
				"${PODS_PODFILE_DIR_PATH}/Podfile.lock",
				"${PODS_ROOT}/Manifest.lock",
			);
			name = "[CP] Check Pods Manifest.lock";
			outputFileListPaths = (
			);
			outputPaths = (
				"$(DERIVED_FILE_DIR)/Pods-NewsAppTests-checkManifestLockResult.txt",
			);
			runOnlyForDeploymentPostprocessing = 0;
			shellPath = /bin/sh;
			shellScript = "diff \"${PODS_PODFILE_DIR_PATH}/Podfile.lock\" \"${PODS_ROOT}/Manifest.lock\" > /dev/null\nif [ $? != 0 ] ; then\n    # print error to STDERR\n    echo \"error: The sandbox is not in sync with the Podfile.lock. Run 'pod install' or update your CocoaPods installation.\" >&2\n    exit 1\nfi\n# This output is used by Xcode 'outputs' to avoid re-running this script phase.\necho \"SUCCESS\" > \"${SCRIPT_OUTPUT_FILE_0}\"\n";
			showEnvVarsInLog = 0;
		};
/* End PBXShellScriptBuildPhase section */

/* Begin PBXSourcesBuildPhase section */
		0BBF9A08267F6F6500F3D797 /* Sources */ = {
			isa = PBXSourcesBuildPhase;
			buildActionMask = 2147483647;
			files = (
				0BBF9A14267F6F6500F3D797 /* ViewController.swift in Sources */,
				0BBF9A9D267FC47500F3D797 /* Feed.swift in Sources */,
				0BBF9A54267F744D00F3D797 /* APIConfiguration.swift in Sources */,
				0BBF9A67267FA93500F3D797 /* Publisher+Extension.swift in Sources */,
				0BBF9AA2267FC56300F3D797 /* Response.swift in Sources */,
				0BBF9A10267F6F6500F3D797 /* AppDelegate.swift in Sources */,
				0BBF9A4F267F741D00F3D797 /* EndPoint.swift in Sources */,
				0BBF9AB22680422100F3D797 /* FeedUseCase.swift in Sources */,
				0BBF9AAD26803FE000F3D797 /* Repository.swift in Sources */,
				0BBF9ACE2680536100F3D797 /* FeedUseCaseType.swift in Sources */,
				0BBF9AC92680534B00F3D797 /* RepositoryType.swift in Sources */,
				0BBF9A12267F6F6500F3D797 /* SceneDelegate.swift in Sources */,
				0BBF9A4A267F740400F3D797 /* APIClient.swift in Sources */,
			);
			runOnlyForDeploymentPostprocessing = 0;
		};
		0BBF9A1E267F6F6800F3D797 /* Sources */ = {
			isa = PBXSourcesBuildPhase;
			buildActionMask = 2147483647;
			files = (
				0BBF9AD32680548400F3D797 /* FeedUseCaseTest.swift in Sources */,
				0BBF9AB726804DEA00F3D797 /* APIClientMock.swift in Sources */,
				0BBF9A6F267FB3C600F3D797 /* APIClientTest.swift in Sources */,
				0BBF9AD8268055DF00F3D797 /* RepositoryMock.swift in Sources */,
				0BBF9A7A267FB43600F3D797 /* URLProtocolMock.swift in Sources */,
				0BBF9AC426804F2D00F3D797 /* RepositoryTest.swift in Sources */,
			);
			runOnlyForDeploymentPostprocessing = 0;
		};
		0BBF9A29267F6F6800F3D797 /* Sources */ = {
			isa = PBXSourcesBuildPhase;
			buildActionMask = 2147483647;
			files = (
				0BBF9A32267F6F6800F3D797 /* NewsAppUITests.swift in Sources */,
			);
			runOnlyForDeploymentPostprocessing = 0;
		};
/* End PBXSourcesBuildPhase section */

/* Begin PBXTargetDependency section */
		0BBF9A24267F6F6800F3D797 /* PBXTargetDependency */ = {
			isa = PBXTargetDependency;
			target = 0BBF9A0B267F6F6500F3D797 /* NewsApp */;
			targetProxy = 0BBF9A23267F6F6800F3D797 /* PBXContainerItemProxy */;
		};
		0BBF9A2F267F6F6800F3D797 /* PBXTargetDependency */ = {
			isa = PBXTargetDependency;
			target = 0BBF9A0B267F6F6500F3D797 /* NewsApp */;
			targetProxy = 0BBF9A2E267F6F6800F3D797 /* PBXContainerItemProxy */;
		};
/* End PBXTargetDependency section */

/* Begin PBXVariantGroup section */
		0BBF9A15267F6F6500F3D797 /* Main.storyboard */ = {
			isa = PBXVariantGroup;
			children = (
				0BBF9A16267F6F6500F3D797 /* Base */,
			);
			name = Main.storyboard;
			sourceTree = "<group>";
		};
		0BBF9A1A267F6F6700F3D797 /* LaunchScreen.storyboard */ = {
			isa = PBXVariantGroup;
			children = (
				0BBF9A1B267F6F6700F3D797 /* Base */,
			);
			name = LaunchScreen.storyboard;
			sourceTree = "<group>";
		};
/* End PBXVariantGroup section */

/* Begin XCBuildConfiguration section */
		0BBF9A34267F6F6800F3D797 /* Debug */ = {
			isa = XCBuildConfiguration;
			buildSettings = {
				ALWAYS_SEARCH_USER_PATHS = NO;
				CLANG_ANALYZER_NONNULL = YES;
				CLANG_ANALYZER_NUMBER_OBJECT_CONVERSION = YES_AGGRESSIVE;
				CLANG_CXX_LANGUAGE_STANDARD = "gnu++14";
				CLANG_CXX_LIBRARY = "libc++";
				CLANG_ENABLE_MODULES = YES;
				CLANG_ENABLE_OBJC_ARC = YES;
				CLANG_ENABLE_OBJC_WEAK = YES;
				CLANG_WARN_BLOCK_CAPTURE_AUTORELEASING = YES;
				CLANG_WARN_BOOL_CONVERSION = YES;
				CLANG_WARN_COMMA = YES;
				CLANG_WARN_CONSTANT_CONVERSION = YES;
				CLANG_WARN_DEPRECATED_OBJC_IMPLEMENTATIONS = YES;
				CLANG_WARN_DIRECT_OBJC_ISA_USAGE = YES_ERROR;
				CLANG_WARN_DOCUMENTATION_COMMENTS = YES;
				CLANG_WARN_EMPTY_BODY = YES;
				CLANG_WARN_ENUM_CONVERSION = YES;
				CLANG_WARN_INFINITE_RECURSION = YES;
				CLANG_WARN_INT_CONVERSION = YES;
				CLANG_WARN_NON_LITERAL_NULL_CONVERSION = YES;
				CLANG_WARN_OBJC_IMPLICIT_RETAIN_SELF = YES;
				CLANG_WARN_OBJC_LITERAL_CONVERSION = YES;
				CLANG_WARN_OBJC_ROOT_CLASS = YES_ERROR;
				CLANG_WARN_QUOTED_INCLUDE_IN_FRAMEWORK_HEADER = YES;
				CLANG_WARN_RANGE_LOOP_ANALYSIS = YES;
				CLANG_WARN_STRICT_PROTOTYPES = YES;
				CLANG_WARN_SUSPICIOUS_MOVE = YES;
				CLANG_WARN_UNGUARDED_AVAILABILITY = YES_AGGRESSIVE;
				CLANG_WARN_UNREACHABLE_CODE = YES;
				CLANG_WARN__DUPLICATE_METHOD_MATCH = YES;
				COPY_PHASE_STRIP = NO;
				DEBUG_INFORMATION_FORMAT = dwarf;
				ENABLE_STRICT_OBJC_MSGSEND = YES;
				ENABLE_TESTABILITY = YES;
				GCC_C_LANGUAGE_STANDARD = gnu11;
				GCC_DYNAMIC_NO_PIC = NO;
				GCC_NO_COMMON_BLOCKS = YES;
				GCC_OPTIMIZATION_LEVEL = 0;
				GCC_PREPROCESSOR_DEFINITIONS = (
					"DEBUG=1",
					"$(inherited)",
				);
				GCC_WARN_64_TO_32_BIT_CONVERSION = YES;
				GCC_WARN_ABOUT_RETURN_TYPE = YES_ERROR;
				GCC_WARN_UNDECLARED_SELECTOR = YES;
				GCC_WARN_UNINITIALIZED_AUTOS = YES_AGGRESSIVE;
				GCC_WARN_UNUSED_FUNCTION = YES;
				GCC_WARN_UNUSED_VARIABLE = YES;
				IPHONEOS_DEPLOYMENT_TARGET = 14.3;
				MTL_ENABLE_DEBUG_INFO = INCLUDE_SOURCE;
				MTL_FAST_MATH = YES;
				ONLY_ACTIVE_ARCH = YES;
				SDKROOT = iphoneos;
				SWIFT_ACTIVE_COMPILATION_CONDITIONS = DEBUG;
				SWIFT_OPTIMIZATION_LEVEL = "-Onone";
			};
			name = Debug;
		};
		0BBF9A35267F6F6800F3D797 /* Release */ = {
			isa = XCBuildConfiguration;
			buildSettings = {
				ALWAYS_SEARCH_USER_PATHS = NO;
				CLANG_ANALYZER_NONNULL = YES;
				CLANG_ANALYZER_NUMBER_OBJECT_CONVERSION = YES_AGGRESSIVE;
				CLANG_CXX_LANGUAGE_STANDARD = "gnu++14";
				CLANG_CXX_LIBRARY = "libc++";
				CLANG_ENABLE_MODULES = YES;
				CLANG_ENABLE_OBJC_ARC = YES;
				CLANG_ENABLE_OBJC_WEAK = YES;
				CLANG_WARN_BLOCK_CAPTURE_AUTORELEASING = YES;
				CLANG_WARN_BOOL_CONVERSION = YES;
				CLANG_WARN_COMMA = YES;
				CLANG_WARN_CONSTANT_CONVERSION = YES;
				CLANG_WARN_DEPRECATED_OBJC_IMPLEMENTATIONS = YES;
				CLANG_WARN_DIRECT_OBJC_ISA_USAGE = YES_ERROR;
				CLANG_WARN_DOCUMENTATION_COMMENTS = YES;
				CLANG_WARN_EMPTY_BODY = YES;
				CLANG_WARN_ENUM_CONVERSION = YES;
				CLANG_WARN_INFINITE_RECURSION = YES;
				CLANG_WARN_INT_CONVERSION = YES;
				CLANG_WARN_NON_LITERAL_NULL_CONVERSION = YES;
				CLANG_WARN_OBJC_IMPLICIT_RETAIN_SELF = YES;
				CLANG_WARN_OBJC_LITERAL_CONVERSION = YES;
				CLANG_WARN_OBJC_ROOT_CLASS = YES_ERROR;
				CLANG_WARN_QUOTED_INCLUDE_IN_FRAMEWORK_HEADER = YES;
				CLANG_WARN_RANGE_LOOP_ANALYSIS = YES;
				CLANG_WARN_STRICT_PROTOTYPES = YES;
				CLANG_WARN_SUSPICIOUS_MOVE = YES;
				CLANG_WARN_UNGUARDED_AVAILABILITY = YES_AGGRESSIVE;
				CLANG_WARN_UNREACHABLE_CODE = YES;
				CLANG_WARN__DUPLICATE_METHOD_MATCH = YES;
				COPY_PHASE_STRIP = NO;
				DEBUG_INFORMATION_FORMAT = "dwarf-with-dsym";
				ENABLE_NS_ASSERTIONS = NO;
				ENABLE_STRICT_OBJC_MSGSEND = YES;
				GCC_C_LANGUAGE_STANDARD = gnu11;
				GCC_NO_COMMON_BLOCKS = YES;
				GCC_WARN_64_TO_32_BIT_CONVERSION = YES;
				GCC_WARN_ABOUT_RETURN_TYPE = YES_ERROR;
				GCC_WARN_UNDECLARED_SELECTOR = YES;
				GCC_WARN_UNINITIALIZED_AUTOS = YES_AGGRESSIVE;
				GCC_WARN_UNUSED_FUNCTION = YES;
				GCC_WARN_UNUSED_VARIABLE = YES;
				IPHONEOS_DEPLOYMENT_TARGET = 14.3;
				MTL_ENABLE_DEBUG_INFO = NO;
				MTL_FAST_MATH = YES;
				SDKROOT = iphoneos;
				SWIFT_COMPILATION_MODE = wholemodule;
				SWIFT_OPTIMIZATION_LEVEL = "-O";
				VALIDATE_PRODUCT = YES;
			};
			name = Release;
		};
		0BBF9A37267F6F6800F3D797 /* Debug */ = {
			isa = XCBuildConfiguration;
			baseConfigurationReference = 88576F8D2907C29A13937D5A /* Pods-NewsApp.debug.xcconfig */;
			buildSettings = {
				ASSETCATALOG_COMPILER_APPICON_NAME = AppIcon;
				ASSETCATALOG_COMPILER_GLOBAL_ACCENT_COLOR_NAME = AccentColor;
				CODE_SIGN_STYLE = Automatic;
				DEVELOPMENT_TEAM = C54DFRAG29;
				INFOPLIST_FILE = NewsApp/Info.plist;
				LD_RUNPATH_SEARCH_PATHS = (
					"$(inherited)",
					"@executable_path/Frameworks",
				);
				PRODUCT_BUNDLE_IDENTIFIER = com.prashant.NewsApp;
				PRODUCT_NAME = "$(TARGET_NAME)";
				SWIFT_VERSION = 5.0;
				TARGETED_DEVICE_FAMILY = "1,2";
			};
			name = Debug;
		};
		0BBF9A38267F6F6800F3D797 /* Release */ = {
			isa = XCBuildConfiguration;
			baseConfigurationReference = 22BDEB682E3408265983FEC8 /* Pods-NewsApp.release.xcconfig */;
			buildSettings = {
				ASSETCATALOG_COMPILER_APPICON_NAME = AppIcon;
				ASSETCATALOG_COMPILER_GLOBAL_ACCENT_COLOR_NAME = AccentColor;
				CODE_SIGN_STYLE = Automatic;
				DEVELOPMENT_TEAM = C54DFRAG29;
				INFOPLIST_FILE = NewsApp/Info.plist;
				LD_RUNPATH_SEARCH_PATHS = (
					"$(inherited)",
					"@executable_path/Frameworks",
				);
				PRODUCT_BUNDLE_IDENTIFIER = com.prashant.NewsApp;
				PRODUCT_NAME = "$(TARGET_NAME)";
				SWIFT_VERSION = 5.0;
				TARGETED_DEVICE_FAMILY = "1,2";
			};
			name = Release;
		};
		0BBF9A3A267F6F6800F3D797 /* Debug */ = {
			isa = XCBuildConfiguration;
			baseConfigurationReference = C798B0AE513DDA3786B46312 /* Pods-NewsAppTests.debug.xcconfig */;
			buildSettings = {
				ALWAYS_EMBED_SWIFT_STANDARD_LIBRARIES = YES;
				BUNDLE_LOADER = "$(TEST_HOST)";
				CODE_SIGN_STYLE = Automatic;
				DEVELOPMENT_TEAM = C54DFRAG29;
				INFOPLIST_FILE = NewsAppTests/Info.plist;
				IPHONEOS_DEPLOYMENT_TARGET = 14.3;
				LD_RUNPATH_SEARCH_PATHS = (
					"$(inherited)",
					"@executable_path/Frameworks",
					"@loader_path/Frameworks",
				);
				PRODUCT_BUNDLE_IDENTIFIER = com.prashant.NewsAppTests;
				PRODUCT_NAME = "$(TARGET_NAME)";
				SWIFT_VERSION = 5.0;
				TARGETED_DEVICE_FAMILY = "1,2";
				TEST_HOST = "$(BUILT_PRODUCTS_DIR)/NewsApp.app/NewsApp";
			};
			name = Debug;
		};
		0BBF9A3B267F6F6800F3D797 /* Release */ = {
			isa = XCBuildConfiguration;
			baseConfigurationReference = 2F4BF41DE3AFF2C35FB74D75 /* Pods-NewsAppTests.release.xcconfig */;
			buildSettings = {
				ALWAYS_EMBED_SWIFT_STANDARD_LIBRARIES = YES;
				BUNDLE_LOADER = "$(TEST_HOST)";
				CODE_SIGN_STYLE = Automatic;
				DEVELOPMENT_TEAM = C54DFRAG29;
				INFOPLIST_FILE = NewsAppTests/Info.plist;
				IPHONEOS_DEPLOYMENT_TARGET = 14.3;
				LD_RUNPATH_SEARCH_PATHS = (
					"$(inherited)",
					"@executable_path/Frameworks",
					"@loader_path/Frameworks",
				);
				PRODUCT_BUNDLE_IDENTIFIER = com.prashant.NewsAppTests;
				PRODUCT_NAME = "$(TARGET_NAME)";
				SWIFT_VERSION = 5.0;
				TARGETED_DEVICE_FAMILY = "1,2";
				TEST_HOST = "$(BUILT_PRODUCTS_DIR)/NewsApp.app/NewsApp";
			};
			name = Release;
		};
		0BBF9A3D267F6F6800F3D797 /* Debug */ = {
			isa = XCBuildConfiguration;
			baseConfigurationReference = FA31463AE675294672DBDE0C /* Pods-NewsApp-NewsAppUITests.debug.xcconfig */;
			buildSettings = {
				ALWAYS_EMBED_SWIFT_STANDARD_LIBRARIES = YES;
				CODE_SIGN_STYLE = Automatic;
				DEVELOPMENT_TEAM = C54DFRAG29;
				INFOPLIST_FILE = NewsAppUITests/Info.plist;
				LD_RUNPATH_SEARCH_PATHS = (
					"$(inherited)",
					"@executable_path/Frameworks",
					"@loader_path/Frameworks",
				);
				PRODUCT_BUNDLE_IDENTIFIER = com.prashant.NewsAppUITests;
				PRODUCT_NAME = "$(TARGET_NAME)";
				SWIFT_VERSION = 5.0;
				TARGETED_DEVICE_FAMILY = "1,2";
				TEST_TARGET_NAME = NewsApp;
			};
			name = Debug;
		};
		0BBF9A3E267F6F6800F3D797 /* Release */ = {
			isa = XCBuildConfiguration;
			baseConfigurationReference = 32C8E21E23B7E94810874B36 /* Pods-NewsApp-NewsAppUITests.release.xcconfig */;
			buildSettings = {
				ALWAYS_EMBED_SWIFT_STANDARD_LIBRARIES = YES;
				CODE_SIGN_STYLE = Automatic;
				DEVELOPMENT_TEAM = C54DFRAG29;
				INFOPLIST_FILE = NewsAppUITests/Info.plist;
				LD_RUNPATH_SEARCH_PATHS = (
					"$(inherited)",
					"@executable_path/Frameworks",
					"@loader_path/Frameworks",
				);
				PRODUCT_BUNDLE_IDENTIFIER = com.prashant.NewsAppUITests;
				PRODUCT_NAME = "$(TARGET_NAME)";
				SWIFT_VERSION = 5.0;
				TARGETED_DEVICE_FAMILY = "1,2";
				TEST_TARGET_NAME = NewsApp;
			};
			name = Release;
		};
/* End XCBuildConfiguration section */

/* Begin XCConfigurationList section */
		0BBF9A07267F6F6500F3D797 /* Build configuration list for PBXProject "NewsApp" */ = {
			isa = XCConfigurationList;
			buildConfigurations = (
				0BBF9A34267F6F6800F3D797 /* Debug */,
				0BBF9A35267F6F6800F3D797 /* Release */,
			);
			defaultConfigurationIsVisible = 0;
			defaultConfigurationName = Release;
		};
		0BBF9A36267F6F6800F3D797 /* Build configuration list for PBXNativeTarget "NewsApp" */ = {
			isa = XCConfigurationList;
			buildConfigurations = (
				0BBF9A37267F6F6800F3D797 /* Debug */,
				0BBF9A38267F6F6800F3D797 /* Release */,
			);
			defaultConfigurationIsVisible = 0;
			defaultConfigurationName = Release;
		};
		0BBF9A39267F6F6800F3D797 /* Build configuration list for PBXNativeTarget "NewsAppTests" */ = {
			isa = XCConfigurationList;
			buildConfigurations = (
				0BBF9A3A267F6F6800F3D797 /* Debug */,
				0BBF9A3B267F6F6800F3D797 /* Release */,
			);
			defaultConfigurationIsVisible = 0;
			defaultConfigurationName = Release;
		};
		0BBF9A3C267F6F6800F3D797 /* Build configuration list for PBXNativeTarget "NewsAppUITests" */ = {
			isa = XCConfigurationList;
			buildConfigurations = (
				0BBF9A3D267F6F6800F3D797 /* Debug */,
				0BBF9A3E267F6F6800F3D797 /* Release */,
			);
			defaultConfigurationIsVisible = 0;
			defaultConfigurationName = Release;
		};
/* End XCConfigurationList section */
	};
	rootObject = 0BBF9A04267F6F6500F3D797 /* Project object */;
}
